
Microsoft Visual Studio Solution File, Format Version 12.00
# Visual Studio 15
VisualStudioVersion = 15.0.27705.2000
MinimumVisualStudioVersion = 10.0.40219.1
Project("{FAE04EC0-301F-11D3-BF4B-00C04F79EFBC}") = "XamarinFontAwesome.Android", "XamarinFontAwesome\XamarinFontAwesome.Android\XamarinFontAwesome.Android.csproj", "{DE885A96-D5E4-4033-87DC-0FC5B6B60027}"
EndProject
Project("{FAE04EC0-301F-11D3-BF4B-00C04F79EFBC}") = "XamarinFontAwesome.iOS", "XamarinFontAwesome\XamarinFontAwesome.iOS\XamarinFontAwesome.iOS.csproj", "{6C71405E-F4BE-4989-BC50-C815B000740D}"
EndProject
Project("{FAE04EC0-301F-11D3-BF4B-00C04F79EFBC}") = "XamarinFontAwesome", "XamarinFontAwesome\XamarinFontAwesome\XamarinFontAwesome.csproj", "{FFF449D0-8976-450E-A2D8-8B049BD8155E}"
EndProject
Global
	GlobalSection(SolutionConfigurationPlatforms) = preSolution
		Ad-Hoc|Any CPU = Ad-Hoc|Any CPU
		Ad-Hoc|iPhone = Ad-Hoc|iPhone
		Ad-Hoc|iPhoneSimulator = Ad-Hoc|iPhoneSimulator
		AppStore|Any CPU = AppStore|Any CPU
		AppStore|iPhone = AppStore|iPhone
		AppStore|iPhoneSimulator = AppStore|iPhoneSimulator
		Debug|Any CPU = Debug|Any CPU
		Debug|iPhone = Debug|iPhone
		Debug|iPhoneSimulator = Debug|iPhoneSimulator
		Release|Any CPU = Release|Any CPU
		Release|iPhone = Release|iPhone
		Release|iPhoneSimulator = Release|iPhoneSimulator
	EndGlobalSection
	GlobalSection(ProjectConfigurationPlatforms) = postSolution
		{DE885A96-D5E4-4033-87DC-0FC5B6B60027}.Ad-Hoc|Any CPU.ActiveCfg = Release|Any CPU
		{DE885A96-D5E4-4033-87DC-0FC5B6B60027}.Ad-Hoc|Any CPU.Build.0 = Release|Any CPU
		{DE885A96-D5E4-4033-87DC-0FC5B6B60027}.Ad-Hoc|Any CPU.Deploy.0 = Release|Any CPU
		{DE885A96-D5E4-4033-87DC-0FC5B6B60027}.Ad-Hoc|iPhone.ActiveCfg = Release|Any CPU
		{DE885A96-D5E4-4033-87DC-0FC5B6B60027}.Ad-Hoc|iPhone.Build.0 = Release|Any CPU
		{DE885A96-D5E4-4033-87DC-0FC5B6B60027}.Ad-Hoc|iPhone.Deploy.0 = Release|Any CPU
		{DE885A96-D5E4-4033-87DC-0FC5B6B60027}.Ad-Hoc|iPhoneSimulator.ActiveCfg = Release|Any CPU
		{DE885A96-D5E4-4033-87DC-0FC5B6B60027}.Ad-Hoc|iPhoneSimulator.Build.0 = Release|Any CPU
		{DE885A96-D5E4-4033-87DC-0FC5B6B60027}.Ad-Hoc|iPhoneSimulator.Deploy.0 = Release|Any CPU
		{DE885A96-D5E4-4033-87DC-0FC5B6B60027}.AppStore|Any CPU.ActiveCfg = Release|Any CPU
		{DE885A96-D5E4-4033-87DC-0FC5B6B60027}.AppStore|Any CPU.Build.0 = Release|Any CPU
		{DE885A96-D5E4-4033-87DC-0FC5B6B60027}.AppStore|Any CPU.Deploy.0 = Release|Any CPU
		{DE885A96-D5E4-4033-87DC-0FC5B6B60027}.AppStore|iPhone.ActiveCfg = Release|Any CPU
		{DE885A96-D5E4-4033-87DC-0FC5B6B60027}.AppStore|iPhone.Build.0 = Release|Any CPU
		{DE885A96-D5E4-4033-87DC-0FC5B6B60027}.AppStore|iPhone.Deploy.0 = Release|Any CPU
		{DE885A96-D5E4-4033-87DC-0FC5B6B60027}.AppStore|iPhoneSimulator.ActiveCfg = Release|Any CPU
		{DE885A96-D5E4-4033-87DC-0FC5B6B60027}.AppStore|iPhoneSimulator.Build.0 = Release|Any CPU
		{DE885A96-D5E4-4033-87DC-0FC5B6B60027}.AppStore|iPhoneSimulator.Deploy.0 = Release|Any CPU
		{DE885A96-D5E4-4033-87DC-0FC5B6B60027}.Debug|Any CPU.ActiveCfg = Debug|Any CPU
		{DE885A96-D5E4-4033-87DC-0FC5B6B60027}.Debug|Any CPU.Build.0 = Debug|Any CPU
		{DE885A96-D5E4-4033-87DC-0FC5B6B60027}.Debug|Any CPU.Deploy.0 = Debug|Any CPU
		{DE885A96-D5E4-4033-87DC-0FC5B6B60027}.Debug|iPhone.ActiveCfg = Debug|Any CPU
		{DE885A96-D5E4-4033-87DC-0FC5B6B60027}.Debug|iPhone.Build.0 = Debug|Any CPU
		{DE885A96-D5E4-4033-87DC-0FC5B6B60027}.Debug|iPhone.Deploy.0 = Debug|Any CPU
		{DE885A96-D5E4-4033-87DC-0FC5B6B60027}.Debug|iPhoneSimulator.ActiveCfg = Debug|Any CPU
		{DE885A96-D5E4-4033-87DC-0FC5B6B60027}.Debug|iPhoneSimulator.Build.0 = Debug|Any CPU
		{DE885A96-D5E4-4033-87DC-0FC5B6B60027}.Debug|iPhoneSimulator.Deploy.0 = Debug|Any CPU
		{DE885A96-D5E4-4033-87DC-0FC5B6B60027}.Release|Any CPU.ActiveCfg = Release|Any CPU
		{DE885A96-D5E4-4033-87DC-0FC5B6B60027}.Release|Any CPU.Build.0 = Release|Any CPU
		{DE885A96-D5E4-4033-87DC-0FC5B6B60027}.Release|Any CPU.Deploy.0 = Release|Any CPU
		{DE885A96-D5E4-4033-87DC-0FC5B6B60027}.Release|iPhone.ActiveCfg = Release|Any CPU
		{DE885A96-D5E4-4033-87DC-0FC5B6B60027}.Release|iPhone.Build.0 = Release|Any CPU
		{DE885A96-D5E4-4033-87DC-0FC5B6B60027}.Release|iPhone.Deploy.0 = Release|Any CPU
		{DE885A96-D5E4-4033-87DC-0FC5B6B60027}.Release|iPhoneSimulator.ActiveCfg = Release|Any CPU
		{DE885A96-D5E4-4033-87DC-0FC5B6B60027}.Release|iPhoneSimulator.Build.0 = Release|Any CPU
		{DE885A96-D5E4-4033-87DC-0FC5B6B60027}.Release|iPhoneSimulator.Deploy.0 = Release|Any CPU
		{6C71405E-F4BE-4989-BC50-C815B000740D}.Ad-Hoc|Any CPU.ActiveCfg = Ad-Hoc|iPhone
		{6C71405E-F4BE-4989-BC50-C815B000740D}.Ad-Hoc|Any CPU.Build.0 = Ad-Hoc|iPhone
		{6C71405E-F4BE-4989-BC50-C815B000740D}.Ad-Hoc|Any CPU.Deploy.0 = Ad-Hoc|iPhone
		{6C71405E-F4BE-4989-BC50-C815B000740D}.Ad-Hoc|iPhone.ActiveCfg = Ad-Hoc|iPhone
		{6C71405E-F4BE-4989-BC50-C815B000740D}.Ad-Hoc|iPhone.Build.0 = Ad-Hoc|iPhone
		{6C71405E-F4BE-4989-BC50-C815B000740D}.Ad-Hoc|iPhone.Deploy.0 = Ad-Hoc|iPhone
		{6C71405E-F4BE-4989-BC50-C815B000740D}.Ad-Hoc|iPhoneSimulator.ActiveCfg = Ad-Hoc|iPhoneSimulator
		{6C71405E-F4BE-4989-BC50-C815B000740D}.Ad-Hoc|iPhoneSimulator.Build.0 = Ad-Hoc|iPhoneSimulator
		{6C71405E-F4BE-4989-BC50-C815B000740D}.Ad-Hoc|iPhoneSimulator.Deploy.0 = Ad-Hoc|iPhoneSimulator
		{6C71405E-F4BE-4989-BC50-C815B000740D}.AppStore|Any CPU.ActiveCfg = AppStore|iPhone
		{6C71405E-F4BE-4989-BC50-C815B000740D}.AppStore|Any CPU.Build.0 = AppStore|iPhone
		{6C71405E-F4BE-4989-BC50-C815B000740D}.AppStore|Any CPU.Deploy.0 = AppStore|iPhone
		{6C71405E-F4BE-4989-BC50-C815B000740D}.AppStore|iPhone.ActiveCfg = AppStore|iPhone
		{6C71405E-F4BE-4989-BC50-C815B000740D}.AppStore|iPhone.Build.0 = AppStore|iPhone
		{6C71405E-F4BE-4989-BC50-C815B000740D}.AppStore|iPhone.Deploy.0 = AppStore|iPhone
		{6C71405E-F4BE-4989-BC50-C815B000740D}.AppStore|iPhoneSimulator.ActiveCfg = AppStore|iPhoneSimulator
		{6C71405E-F4BE-4989-BC50-C815B000740D}.AppStore|iPhoneSimulator.Build.0 = AppStore|iPhoneSimulator
		{6C71405E-F4BE-4989-BC50-C815B000740D}.AppStore|iPhoneSimulator.Deploy.0 = AppStore|iPhoneSimulator
		{6C71405E-F4BE-4989-BC50-C815B000740D}.Debug|Any CPU.ActiveCfg = Debug|iPhoneSimulator
		{6C71405E-F4BE-4989-BC50-C815B000740D}.Debug|Any CPU.Build.0 = Debug|iPhoneSimulator
		{6C71405E-F4BE-4989-BC50-C815B000740D}.Debug|Any CPU.Deploy.0 = Debug|iPhoneSimulator
		{6C71405E-F4BE-4989-BC50-C815B000740D}.Debug|iPhone.ActiveCfg = Debug|iPhone
		{6C71405E-F4BE-4989-BC50-C815B000740D}.Debug|iPhone.Build.0 = Debug|iPhone
		{6C71405E-F4BE-4989-BC50-C815B000740D}.Debug|iPhone.Deploy.0 = Debug|iPhone
		{6C71405E-F4BE-4989-BC50-C815B000740D}.Debug|iPhoneSimulator.ActiveCfg = Debug|iPhoneSimulator
		{6C71405E-F4BE-4989-BC50-C815B000740D}.Debug|iPhoneSimulator.Build.0 = Debug|iPhoneSimulator
		{6C71405E-F4BE-4989-BC50-C815B000740D}.Debug|iPhoneSimulator.Deploy.0 = Debug|iPhoneSimulator
		{6C71405E-F4BE-4989-BC50-C815B000740D}.Release|Any CPU.ActiveCfg = Release|iPhone
		{6C71405E-F4BE-4989-BC50-C815B000740D}.Release|Any CPU.Build.0 = Release|iPhone
		{6C71405E-F4BE-4989-BC50-C815B000740D}.Release|Any CPU.Deploy.0 = Release|iPhone
		{6C71405E-F4BE-4989-BC50-C815B000740D}.Release|iPhone.ActiveCfg = Release|iPhone
		{6C71405E-F4BE-4989-BC50-C815B000740D}.Release|iPhone.Build.0 = Release|iPhone
		{6C71405E-F4BE-4989-BC50-C815B000740D}.Release|iPhone.Deploy.0 = Release|iPhone
		{6C71405E-F4BE-4989-BC50-C815B000740D}.Release|iPhoneSimulator.ActiveCfg = Release|iPhoneSimulator
		{6C71405E-F4BE-4989-BC50-C815B000740D}.Release|iPhoneSimulator.Build.0 = Release|iPhoneSimulator
		{6C71405E-F4BE-4989-BC50-C815B000740D}.Release|iPhoneSimulator.Deploy.0 = Release|iPhoneSimulator
		{FFF449D0-8976-450E-A2D8-8B049BD8155E}.Ad-Hoc|Any CPU.ActiveCfg = Debug|Any CPU
		{FFF449D0-8976-450E-A2D8-8B049BD8155E}.Ad-Hoc|Any CPU.Build.0 = Debug|Any CPU
		{FFF449D0-8976-450E-A2D8-8B049BD8155E}.Ad-Hoc|Any CPU.Deploy.0 = Debug|Any CPU
		{FFF449D0-8976-450E-A2D8-8B049BD8155E}.Ad-Hoc|iPhone.ActiveCfg = Debug|Any CPU
		{FFF449D0-8976-450E-A2D8-8B049BD8155E}.Ad-Hoc|iPhone.Build.0 = Debug|Any CPU
		{FFF449D0-8976-450E-A2D8-8B049BD8155E}.Ad-Hoc|iPhone.Deploy.0 = Debug|Any CPU
		{FFF449D0-8976-450E-A2D8-8B049BD8155E}.Ad-Hoc|iPhoneSimulator.ActiveCfg = Debug|Any CPU
		{FFF449D0-8976-450E-A2D8-8B049BD8155E}.Ad-Hoc|iPhoneSimulator.Build.0 = Debug|Any CPU
		{FFF449D0-8976-450E-A2D8-8B049BD8155E}.Ad-Hoc|iPhoneSimulator.Deploy.0 = Debug|Any CPU
		{FFF449D0-8976-450E-A2D8-8B049BD8155E}.AppStore|Any CPU.ActiveCfg = Debug|Any CPU
		{FFF449D0-8976-450E-A2D8-8B049BD8155E}.AppStore|Any CPU.Build.0 = Debug|Any CPU
		{FFF449D0-8976-450E-A2D8-8B049BD8155E}.AppStore|Any CPU.Deploy.0 = Debug|Any CPU
		{FFF449D0-8976-450E-A2D8-8B049BD8155E}.AppStore|iPhone.ActiveCfg = Debug|Any CPU
		{FFF449D0-8976-450E-A2D8-8B049BD8155E}.AppStore|iPhone.Build.0 = Debug|Any CPU
		{FFF449D0-8976-450E-A2D8-8B049BD8155E}.AppStore|iPhone.Deploy.0 = Debug|Any CPU
		{FFF449D0-8976-450E-A2D8-8B049BD8155E}.AppStore|iPhoneSimulator.ActiveCfg = Debug|Any CPU
		{FFF449D0-8976-450E-A2D8-8B049BD8155E}.AppStore|iPhoneSimulator.Build.0 = Debug|Any CPU
		{FFF449D0-8976-450E-A2D8-8B049BD8155E}.AppStore|iPhoneSimulator.Deploy.0 = Debug|Any CPU
		{FFF449D0-8976-450E-A2D8-8B049BD8155E}.Debug|Any CPU.ActiveCfg = Debug|Any CPU
		{FFF449D0-8976-450E-A2D8-8B049BD8155E}.Debug|Any CPU.Build.0 = Debug|Any CPU
		{FFF449D0-8976-450E-A2D8-8B049BD8155E}.Debug|Any CPU.Deploy.0 = Debug|Any CPU
		{FFF449D0-8976-450E-A2D8-8B049BD8155E}.Debug|iPhone.ActiveCfg = Debug|Any CPU
		{FFF449D0-8976-450E-A2D8-8B049BD8155E}.Debug|iPhone.Build.0 = Debug|Any CPU
		{FFF449D0-8976-450E-A2D8-8B049BD8155E}.Debug|iPhone.Deploy.0 = Debug|Any CPU
		{FFF449D0-8976-450E-A2D8-8B049BD8155E}.Debug|iPhoneSimulator.ActiveCfg = Debug|Any CPU
		{FFF449D0-8976-450E-A2D8-8B049BD8155E}.Debug|iPhoneSimulator.Build.0 = Debug|Any CPU
		{FFF449D0-8976-450E-A2D8-8B049BD8155E}.Debug|iPhoneSimulator.Deploy.0 = Debug|Any CPU
		{FFF449D0-8976-450E-A2D8-8B049BD8155E}.Release|Any CPU.ActiveCfg = Release|Any CPU
		{FFF449D0-8976-450E-A2D8-8B049BD8155E}.Release|Any CPU.Build.0 = Release|Any CPU
		{FFF449D0-8976-450E-A2D8-8B049BD8155E}.Release|Any CPU.Deploy.0 = Release|Any CPU
		{FFF449D0-8976-450E-A2D8-8B049BD8155E}.Release|iPhone.ActiveCfg = Release|Any CPU
		{FFF449D0-8976-450E-A2D8-8B049BD8155E}.Release|iPhone.Build.0 = Release|Any CPU
		{FFF449D0-8976-450E-A2D8-8B049BD8155E}.Release|iPhone.Deploy.0 = Release|Any CPU
		{FFF449D0-8976-450E-A2D8-8B049BD8155E}.Release|iPhoneSimulator.ActiveCfg = Release|Any CPU
		{FFF449D0-8976-450E-A2D8-8B049BD8155E}.Release|iPhoneSimulator.Build.0 = Release|Any CPU
		{FFF449D0-8976-450E-A2D8-8B049BD8155E}.Release|iPhoneSimulator.Deploy.0 = Release|Any CPU
	EndGlobalSection
	GlobalSection(SolutionProperties) = preSolution
		HideSolutionNode = FALSE
	EndGlobalSection
	GlobalSection(ExtensibilityGlobals) = postSolution
		SolutionGuid = {9F205986-2FA1-4749-BEB6-97859C33AD2A}
	EndGlobalSection
EndGlobal
